
Microsoft Visual Studio Solution File, Format Version 12.00
# Visual Studio Version 17
VisualStudioVersion = 17.0.31903.59
MinimumVisualStudioVersion = 10.0.40219.1
Project("{2150E333-8FDC-42A3-9474-1A3956D46DE8}") = "src", "src", "{827E0CD3-B72D-47B6-A68D-7590B98EB39B}"
EndProject
Project("{FAE04EC0-301F-11D3-BF4B-00C04F79EFBC}") = "RestaurantPOS.Web", "src\RestaurantPOS.Web\RestaurantPOS.Web.csproj", "{AC90132D-7C08-489C-B431-D7A8A2B31D4E}"
EndProject
Project("{2150E333-8FDC-42A3-9474-1A3956D46DE8}") = "tests", "tests", "{0AB3BF05-4346-4AA6-1389-037BE0695223}"
EndProject
Project("{FAE04EC0-301F-11D3-BF4B-00C04F79EFBC}") = "RestaurantPOS.Tests", "tests\RestaurantPOS.Tests\RestaurantPOS.Tests.csproj", "{F11793A7-CF99-4C63-9FB6-0454FABDA09F}"
EndProject
Project("{FAE04EC0-301F-11D3-BF4B-00C04F79EFBC}") = "RestaurantPOS.Contracts", "src\RestaurantPOS.Contracts\RestaurantPOS.Contracts.csproj", "{6C0781AA-AA08-4C3B-9114-1307AC9782EB}"
EndProject
Project("{FAE04EC0-301F-11D3-BF4B-00C04F79EFBC}") = "RestaurantPOS.Api", "src\RestaurantPOS.Api\RestaurantPOS.Api.csproj", "{F6E4F6CC-72DC-426D-83ED-36467D0026D9}"
EndProject
Project("{FAE04EC0-301F-11D3-BF4B-00C04F79EFBC}") = "RestaurantPOS.Client", "src\RestaurantPOS.Client\RestaurantPOS.Client.csproj", "{AF4406D0-5D42-42AD-B876-88B48B2D02F6}"
EndProject
Global
	GlobalSection(SolutionConfigurationPlatforms) = preSolution
		Debug|Any CPU = Debug|Any CPU
		Debug|x64 = Debug|x64
		Debug|x86 = Debug|x86
		Release|Any CPU = Release|Any CPU
		Release|x64 = Release|x64
		Release|x86 = Release|x86
	EndGlobalSection
	GlobalSection(ProjectConfigurationPlatforms) = postSolution
		{AC90132D-7C08-489C-B431-D7A8A2B31D4E}.Debug|Any CPU.ActiveCfg = Debug|Any CPU
		{AC90132D-7C08-489C-B431-D7A8A2B31D4E}.Debug|Any CPU.Build.0 = Debug|Any CPU
		{AC90132D-7C08-489C-B431-D7A8A2B31D4E}.Debug|x64.ActiveCfg = Debug|Any CPU
		{AC90132D-7C08-489C-B431-D7A8A2B31D4E}.Debug|x64.Build.0 = Debug|Any CPU
		{AC90132D-7C08-489C-B431-D7A8A2B31D4E}.Debug|x86.ActiveCfg = Debug|Any CPU
		{AC90132D-7C08-489C-B431-D7A8A2B31D4E}.Debug|x86.Build.0 = Debug|Any CPU
		{AC90132D-7C08-489C-B431-D7A8A2B31D4E}.Release|Any CPU.ActiveCfg = Release|Any CPU
		{AC90132D-7C08-489C-B431-D7A8A2B31D4E}.Release|Any CPU.Build.0 = Release|Any CPU
		{AC90132D-7C08-489C-B431-D7A8A2B31D4E}.Release|x64.ActiveCfg = Release|Any CPU
		{AC90132D-7C08-489C-B431-D7A8A2B31D4E}.Release|x64.Build.0 = Release|Any CPU
		{AC90132D-7C08-489C-B431-D7A8A2B31D4E}.Release|x86.ActiveCfg = Release|Any CPU
		{AC90132D-7C08-489C-B431-D7A8A2B31D4E}.Release|x86.Build.0 = Release|Any CPU
		{F11793A7-CF99-4C63-9FB6-0454FABDA09F}.Debug|Any CPU.ActiveCfg = Debug|Any CPU
		{F11793A7-CF99-4C63-9FB6-0454FABDA09F}.Debug|Any CPU.Build.0 = Debug|Any CPU
		{F11793A7-CF99-4C63-9FB6-0454FABDA09F}.Debug|x64.ActiveCfg = Debug|Any CPU
		{F11793A7-CF99-4C63-9FB6-0454FABDA09F}.Debug|x64.Build.0 = Debug|Any CPU
		{F11793A7-CF99-4C63-9FB6-0454FABDA09F}.Debug|x86.ActiveCfg = Debug|Any CPU
		{F11793A7-CF99-4C63-9FB6-0454FABDA09F}.Debug|x86.Build.0 = Debug|Any CPU
		{F11793A7-CF99-4C63-9FB6-0454FABDA09F}.Release|Any CPU.ActiveCfg = Release|Any CPU
		{F11793A7-CF99-4C63-9FB6-0454FABDA09F}.Release|Any CPU.Build.0 = Release|Any CPU
		{F11793A7-CF99-4C63-9FB6-0454FABDA09F}.Release|x64.ActiveCfg = Release|Any CPU
		{F11793A7-CF99-4C63-9FB6-0454FABDA09F}.Release|x64.Build.0 = Release|Any CPU
		{F11793A7-CF99-4C63-9FB6-0454FABDA09F}.Release|x86.ActiveCfg = Release|Any CPU
		{F11793A7-CF99-4C63-9FB6-0454FABDA09F}.Release|x86.Build.0 = Release|Any CPU
		{6C0781AA-AA08-4C3B-9114-1307AC9782EB}.Debug|Any CPU.ActiveCfg = Debug|Any CPU
		{6C0781AA-AA08-4C3B-9114-1307AC9782EB}.Debug|Any CPU.Build.0 = Debug|Any CPU
		{6C0781AA-AA08-4C3B-9114-1307AC9782EB}.Debug|x64.ActiveCfg = Debug|Any CPU
		{6C0781AA-AA08-4C3B-9114-1307AC9782EB}.Debug|x64.Build.0 = Debug|Any CPU
		{6C0781AA-AA08-4C3B-9114-1307AC9782EB}.Debug|x86.ActiveCfg = Debug|Any CPU
		{6C0781AA-AA08-4C3B-9114-1307AC9782EB}.Debug|x86.Build.0 = Debug|Any CPU
		{6C0781AA-AA08-4C3B-9114-1307AC9782EB}.Release|Any CPU.ActiveCfg = Release|Any CPU
		{6C0781AA-AA08-4C3B-9114-1307AC9782EB}.Release|Any CPU.Build.0 = Release|Any CPU
		{6C0781AA-AA08-4C3B-9114-1307AC9782EB}.Release|x64.ActiveCfg = Release|Any CPU
		{6C0781AA-AA08-4C3B-9114-1307AC9782EB}.Release|x64.Build.0 = Release|Any CPU
		{6C0781AA-AA08-4C3B-9114-1307AC9782EB}.Release|x86.ActiveCfg = Release|Any CPU
		{6C0781AA-AA08-4C3B-9114-1307AC9782EB}.Release|x86.Build.0 = Release|Any CPU
		{F6E4F6CC-72DC-426D-83ED-36467D0026D9}.Debug|Any CPU.ActiveCfg = Debug|Any CPU
		{F6E4F6CC-72DC-426D-83ED-36467D0026D9}.Debug|Any CPU.Build.0 = Debug|Any CPU
		{F6E4F6CC-72DC-426D-83ED-36467D0026D9}.Debug|x64.ActiveCfg = Debug|Any CPU
		{F6E4F6CC-72DC-426D-83ED-36467D0026D9}.Debug|x64.Build.0 = Debug|Any CPU
		{F6E4F6CC-72DC-426D-83ED-36467D0026D9}.Debug|x86.ActiveCfg = Debug|Any CPU
		{F6E4F6CC-72DC-426D-83ED-36467D0026D9}.Debug|x86.Build.0 = Debug|Any CPU
		{F6E4F6CC-72DC-426D-83ED-36467D0026D9}.Release|Any CPU.ActiveCfg = Release|Any CPU
		{F6E4F6CC-72DC-426D-83ED-36467D0026D9}.Release|Any CPU.Build.0 = Release|Any CPU
		{F6E4F6CC-72DC-426D-83ED-36467D0026D9}.Release|x64.ActiveCfg = Release|Any CPU
		{F6E4F6CC-72DC-426D-83ED-36467D0026D9}.Release|x64.Build.0 = Release|Any CPU
		{F6E4F6CC-72DC-426D-83ED-36467D0026D9}.Release|x86.ActiveCfg = Release|Any CPU
		{F6E4F6CC-72DC-426D-83ED-36467D0026D9}.Release|x86.Build.0 = Release|Any CPU
		{AF4406D0-5D42-42AD-B876-88B48B2D02F6}.Debug|Any CPU.ActiveCfg = Debug|Any CPU
		{AF4406D0-5D42-42AD-B876-88B48B2D02F6}.Debug|Any CPU.Build.0 = Debug|Any CPU
		{AF4406D0-5D42-42AD-B876-88B48B2D02F6}.Debug|x64.ActiveCfg = Debug|Any CPU
		{AF4406D0-5D42-42AD-B876-88B48B2D02F6}.Debug|x64.Build.0 = Debug|Any CPU
		{AF4406D0-5D42-42AD-B876-88B48B2D02F6}.Debug|x86.ActiveCfg = Debug|Any CPU
		{AF4406D0-5D42-42AD-B876-88B48B2D02F6}.Debug|x86.Build.0 = Debug|Any CPU
		{AF4406D0-5D42-42AD-B876-88B48B2D02F6}.Release|Any CPU.ActiveCfg = Release|Any CPU
		{AF4406D0-5D42-42AD-B876-88B48B2D02F6}.Release|Any CPU.Build.0 = Release|Any CPU
		{AF4406D0-5D42-42AD-B876-88B48B2D02F6}.Release|x64.ActiveCfg = Release|Any CPU
		{AF4406D0-5D42-42AD-B876-88B48B2D02F6}.Release|x64.Build.0 = Release|Any CPU
		{AF4406D0-5D42-42AD-B876-88B48B2D02F6}.Release|x86.ActiveCfg = Release|Any CPU
		{AF4406D0-5D42-42AD-B876-88B48B2D02F6}.Release|x86.Build.0 = Release|Any CPU
	EndGlobalSection
	GlobalSection(SolutionProperties) = preSolution
		HideSolutionNode = FALSE
	EndGlobalSection
	GlobalSection(NestedProjects) = preSolution
		{AC90132D-7C08-489C-B431-D7A8A2B31D4E} = {827E0CD3-B72D-47B6-A68D-7590B98EB39B}
		{F11793A7-CF99-4C63-9FB6-0454FABDA09F} = {0AB3BF05-4346-4AA6-1389-037BE0695223}
		{6C0781AA-AA08-4C3B-9114-1307AC9782EB} = {827E0CD3-B72D-47B6-A68D-7590B98EB39B}
		{F6E4F6CC-72DC-426D-83ED-36467D0026D9} = {827E0CD3-B72D-47B6-A68D-7590B98EB39B}
		{AF4406D0-5D42-42AD-B876-88B48B2D02F6} = {827E0CD3-B72D-47B6-A68D-7590B98EB39B}
	EndGlobalSection
EndGlobal
